// !$*UTF8*$!
{
	archiveVersion = 1;
	classes = {
	};
	objectVersion = 50;
	objects = {

/* Begin PBXBuildFile section */
		755BBB3625D1C99C007D1641 /* AppDelegate.swift in Sources */ = {isa = PBXBuildFile; fileRef = 755BBB3525D1C99C007D1641 /* AppDelegate.swift */; };
		755BBB3825D1C99C007D1641 /* SceneDelegate.swift in Sources */ = {isa = PBXBuildFile; fileRef = 755BBB3725D1C99C007D1641 /* SceneDelegate.swift */; };
		755BBB3A25D1C99C007D1641 /* ViewController.swift in Sources */ = {isa = PBXBuildFile; fileRef = 755BBB3925D1C99C007D1641 /* ViewController.swift */; };
		755BBB3D25D1C99C007D1641 /* Main.storyboard in Resources */ = {isa = PBXBuildFile; fileRef = 755BBB3B25D1C99C007D1641 /* Main.storyboard */; };
		755BBB3F25D1C9A0007D1641 /* Assets.xcassets in Resources */ = {isa = PBXBuildFile; fileRef = 755BBB3E25D1C9A0007D1641 /* Assets.xcassets */; };
		755BBB4225D1C9A0007D1641 /* LaunchScreen.storyboard in Resources */ = {isa = PBXBuildFile; fileRef = 755BBB4025D1C9A0007D1641 /* LaunchScreen.storyboard */; };
/* End PBXBuildFile section */

/* Begin PBXFileReference section */
		755BBB3225D1C99C007D1641 /* ButtonsAndStacks.app */ = {isa = PBXFileReference; explicitFileType = wrapper.application; includeInIndex = 0; path = ButtonsAndStacks.app; sourceTree = BUILT_PRODUCTS_DIR; };
		755BBB3525D1C99C007D1641 /* AppDelegate.swift */ = {isa = PBXFileReference; lastKnownFileType = sourcecode.swift; path = AppDelegate.swift; sourceTree = "<group>"; };
		755BBB3725D1C99C007D1641 /* SceneDelegate.swift */ = {isa = PBXFileReference; lastKnownFileType = sourcecode.swift; path = SceneDelegate.swift; sourceTree = "<group>"; };
		755BBB3925D1C99C007D1641 /* ViewController.swift */ = {isa = PBXFileReference; lastKnownFileType = sourcecode.swift; path = ViewController.swift; sourceTree = "<group>"; };
		755BBB3C25D1C99C007D1641 /* Base */ = {isa = PBXFileReference; lastKnownFileType = file.storyboard; name = Base; path = Base.lproj/Main.storyboard; sourceTree = "<group>"; };
		755BBB3E25D1C9A0007D1641 /* Assets.xcassets */ = {isa = PBXFileReference; lastKnownFileType = folder.assetcatalog; path = Assets.xcassets; sourceTree = "<group>"; };
		755BBB4125D1C9A0007D1641 /* Base */ = {isa = PBXFileReference; lastKnownFileType = file.storyboard; name = Base; path = Base.lproj/LaunchScreen.storyboard; sourceTree = "<group>"; };
		755BBB4325D1C9A0007D1641 /* Info.plist */ = {isa = PBXFileReference; lastKnownFileType = text.plist.xml; path = Info.plist; sourceTree = "<group>"; };
/* End PBXFileReference section */

/* Begin PBXFrameworksBuildPhase section */
		755BBB2F25D1C99C007D1641 /* Frameworks */ = {
			isa = PBXFrameworksBuildPhase;
			buildActionMask = 2147483647;
			files = (
			);
			runOnlyForDeploymentPostprocessing = 0;
		};
/* End PBXFrameworksBuildPhase section */

/* Begin PBXGroup section */
		755BBB2925D1C99C007D1641 = {
			isa = PBXGroup;
			children = (
				755BBB3425D1C99C007D1641 /* ButtonsAndStacks */,
				755BBB3325D1C99C007D1641 /* Products */,
			);
			sourceTree = "<group>";
		};
		755BBB3325D1C99C007D1641 /* Products */ = {
			isa = PBXGroup;
			children = (
				755BBB3225D1C99C007D1641 /* ButtonsAndStacks.app */,
			);
			name = Products;
			sourceTree = "<group>";
		};
		755BBB3425D1C99C007D1641 /* ButtonsAndStacks */ = {
			isa = PBXGroup;
			children = (
				755BBB3525D1C99C007D1641 /* AppDelegate.swift */,
				755BBB3725D1C99C007D1641 /* SceneDelegate.swift */,
				755BBB3925D1C99C007D1641 /* ViewController.swift */,
				755BBB3B25D1C99C007D1641 /* Main.storyboard */,
				755BBB3E25D1C9A0007D1641 /* Assets.xcassets */,
				755BBB4025D1C9A0007D1641 /* LaunchScreen.storyboard */,
				755BBB4325D1C9A0007D1641 /* Info.plist */,
			);
			path = ButtonsAndStacks;
			sourceTree = "<group>";
		};
/* End PBXGroup section */

/* Begin PBXNativeTarget section */
		755BBB3125D1C99C007D1641 /* ButtonsAndStacks */ = {
			isa = PBXNativeTarget;
			buildConfigurationList = 755BBB4625D1C9A1007D1641 /* Build configuration list for PBXNativeTarget "ButtonsAndStacks" */;
			buildPhases = (
				755BBB2E25D1C99C007D1641 /* Sources */,
				755BBB2F25D1C99C007D1641 /* Frameworks */,
				755BBB3025D1C99C007D1641 /* Resources */,
			);
			buildRules = (
			);
			dependencies = (
			);
			name = ButtonsAndStacks;
			productName = ButtonsAndStacks;
			productReference = 755BBB3225D1C99C007D1641 /* ButtonsAndStacks.app */;
			productType = "com.apple.product-type.application";
		};
/* End PBXNativeTarget section */

/* Begin PBXProject section */
		755BBB2A25D1C99C007D1641 /* Project object */ = {
			isa = PBXProject;
			attributes = {
				LastSwiftUpdateCheck = 1240;
				LastUpgradeCheck = 1240;
				TargetAttributes = {
					755BBB3125D1C99C007D1641 = {
						CreatedOnToolsVersion = 12.4;
					};
				};
			};
			buildConfigurationList = 755BBB2D25D1C99C007D1641 /* Build configuration list for PBXProject "ButtonsAndStacks" */;
			compatibilityVersion = "Xcode 9.3";
			developmentRegion = en;
			hasScannedForEncodings = 0;
			knownRegions = (
				en,
				Base,
			);
			mainGroup = 755BBB2925D1C99C007D1641;
			productRefGroup = 755BBB3325D1C99C007D1641 /* Products */;
			projectDirPath = "";
			projectRoot = "";
			targets = (
				755BBB3125D1C99C007D1641 /* ButtonsAndStacks */,
			);
		};
/* End PBXProject section */

/* Begin PBXResourcesBuildPhase section */
		755BBB3025D1C99C007D1641 /* Resources */ = {
			isa = PBXResourcesBuildPhase;
			buildActionMask = 2147483647;
			files = (
				755BBB4225D1C9A0007D1641 /* LaunchScreen.storyboard in Resources */,
				755BBB3F25D1C9A0007D1641 /* Assets.xcassets in Resources */,
				755BBB3D25D1C99C007D1641 /* Main.storyboard in Resources */,
			);
			runOnlyForDeploymentPostprocessing = 0;
		};
/* End PBXResourcesBuildPhase section */

/* Begin PBXSourcesBuildPhase section */
		755BBB2E25D1C99C007D1641 /* Sources */ = {
			isa = PBXSourcesBuildPhase;
			buildActionMask = 2147483647;
			files = (
				755BBB3A25D1C99C007D1641 /* ViewController.swift in Sources */,
				755BBB3625D1C99C007D1641 /* AppDelegate.swift in Sources */,
				755BBB3825D1C99C007D1641 /* SceneDelegate.swift in Sources */,
			);
			runOnlyForDeploymentPostprocessing = 0;
		};
/* End PBXSourcesBuildPhase section */

/* Begin PBXVariantGroup section */
		755BBB3B25D1C99C007D1641 /* Main.storyboard */ = {
			isa = PBXVariantGroup;
			children = (
				755BBB3C25D1C99C007D1641 /* Base */,
			);
			name = Main.storyboard;
			sourceTree = "<group>";
		};
		755BBB4025D1C9A0007D1641 /* LaunchScreen.storyboard */ = {
			isa = PBXVariantGroup;
			children = (
				755BBB4125D1C9A0007D1641 /* Base */,
			);
			name = LaunchScreen.storyboard;
			sourceTree = "<group>";
		};
/* End PBXVariantGroup section */

/* Begin XCBuildConfiguration section */
		755BBB4425D1C9A0007D1641 /* Debug */ = {
			isa = XCBuildConfiguration;
			buildSettings = {
				ALWAYS_SEARCH_USER_PATHS = NO;
				CLANG_ANALYZER_NONNULL = YES;
				CLANG_ANALYZER_NUMBER_OBJECT_CONVERSION = YES_AGGRESSIVE;
				CLANG_CXX_LANGUAGE_STANDARD = "gnu++14";
				CLANG_CXX_LIBRARY = "libc++";
				CLANG_ENABLE_MODULES = YES;
				CLANG_ENABLE_OBJC_ARC = YES;
				CLANG_ENABLE_OBJC_WEAK = YES;
				CLANG_WARN_BLOCK_CAPTURE_AUTORELEASING = YES;
				CLANG_WARN_BOOL_CONVERSION = YES;
				CLANG_WARN_COMMA = YES;
				CLANG_WARN_CONSTANT_CONVERSION = YES;
				CLANG_WARN_DEPRECATED_OBJC_IMPLEMENTATIONS = YES;
				CLANG_WARN_DIRECT_OBJC_ISA_USAGE = YES_ERROR;
				CLANG_WARN_DOCUMENTATION_COMMENTS = YES;
				CLANG_WARN_EMPTY_BODY = YES;
				CLANG_WARN_ENUM_CONVERSION = YES;
				CLANG_WARN_INFINITE_RECURSION = YES;
				CLANG_WARN_INT_CONVERSION = YES;
				CLANG_WARN_NON_LITERAL_NULL_CONVERSION = YES;
				CLANG_WARN_OBJC_IMPLICIT_RETAIN_SELF = YES;
				CLANG_WARN_OBJC_LITERAL_CONVERSION = YES;
				CLANG_WARN_OBJC_ROOT_CLASS = YES_ERROR;
				CLANG_WARN_QUOTED_INCLUDE_IN_FRAMEWORK_HEADER = YES;
				CLANG_WARN_RANGE_LOOP_ANALYSIS = YES;
				CLANG_WARN_STRICT_PROTOTYPES = YES;
				CLANG_WARN_SUSPICIOUS_MOVE = YES;
				CLANG_WARN_UNGUARDED_AVAILABILITY = YES_AGGRESSIVE;
				CLANG_WARN_UNREACHABLE_CODE = YES;
				CLANG_WARN__DUPLICATE_METHOD_MATCH = YES;
				COPY_PHASE_STRIP = NO;
				DEBUG_INFORMATION_FORMAT = dwarf;
				ENABLE_STRICT_OBJC_MSGSEND = YES;
				ENABLE_TESTABILITY = YES;
				GCC_C_LANGUAGE_STANDARD = gnu11;
				GCC_DYNAMIC_NO_PIC = NO;
				GCC_NO_COMMON_BLOCKS = YES;
				GCC_OPTIMIZATION_LEVEL = 0;
				GCC_PREPROCESSOR_DEFINITIONS = (
					"DEBUG=1",
					"$(inherited)",
				);
				GCC_WARN_64_TO_32_BIT_CONVERSION = YES;
				GCC_WARN_ABOUT_RETURN_TYPE = YES_ERROR;
				GCC_WARN_UNDECLARED_SELECTOR = YES;
				GCC_WARN_UNINITIALIZED_AUTOS = YES_AGGRESSIVE;
				GCC_WARN_UNUSED_FUNCTION = YES;
				GCC_WARN_UNUSED_VARIABLE = YES;
				IPHONEOS_DEPLOYMENT_TARGET = 14.4;
				MTL_ENABLE_DEBUG_INFO = INCLUDE_SOURCE;
				MTL_FAST_MATH = YES;
				ONLY_ACTIVE_ARCH = YES;
				SDKROOT = iphoneos;
				SWIFT_ACTIVE_COMPILATION_CONDITIONS = DEBUG;
				SWIFT_OPTIMIZATION_LEVEL = "-Onone";
			};
			name = Debug;
		};
		755BBB4525D1C9A1007D1641 /* Release */ = {
			isa = XCBuildConfiguration;
			buildSettings = {
				ALWAYS_SEARCH_USER_PATHS = NO;
				CLANG_ANALYZER_NONNULL = YES;
				CLANG_ANALYZER_NUMBER_OBJECT_CONVERSION = YES_AGGRESSIVE;
				CLANG_CXX_LANGUAGE_STANDARD = "gnu++14";
				CLANG_CXX_LIBRARY = "libc++";
				CLANG_ENABLE_MODULES = YES;
				CLANG_ENABLE_OBJC_ARC = YES;
				CLANG_ENABLE_OBJC_WEAK = YES;
				CLANG_WARN_BLOCK_CAPTURE_AUTORELEASING = YES;
				CLANG_WARN_BOOL_CONVERSION = YES;
				CLANG_WARN_COMMA = YES;
				CLANG_WARN_CONSTANT_CONVERSION = YES;
				CLANG_WARN_DEPRECATED_OBJC_IMPLEMENTATIONS = YES;
				CLANG_WARN_DIRECT_OBJC_ISA_USAGE = YES_ERROR;
				CLANG_WARN_DOCUMENTATION_COMMENTS = YES;
				CLANG_WARN_EMPTY_BODY = YES;
				CLANG_WARN_ENUM_CONVERSION = YES;
				CLANG_WARN_INFINITE_RECURSION = YES;
				CLANG_WARN_INT_CONVERSION = YES;
				CLANG_WARN_NON_LITERAL_NULL_CONVERSION = YES;
				CLANG_WARN_OBJC_IMPLICIT_RETAIN_SELF = YES;
				CLANG_WARN_OBJC_LITERAL_CONVERSION = YES;
				CLANG_WARN_OBJC_ROOT_CLASS = YES_ERROR;
				CLANG_WARN_QUOTED_INCLUDE_IN_FRAMEWORK_HEADER = YES;
				CLANG_WARN_RANGE_LOOP_ANALYSIS = YES;
				CLANG_WARN_STRICT_PROTOTYPES = YES;
				CLANG_WARN_SUSPICIOUS_MOVE = YES;
				CLANG_WARN_UNGUARDED_AVAILABILITY = YES_AGGRESSIVE;
				CLANG_WARN_UNREACHABLE_CODE = YES;
				CLANG_WARN__DUPLICATE_METHOD_MATCH = YES;
				COPY_PHASE_STRIP = NO;
				DEBUG_INFORMATION_FORMAT = "dwarf-with-dsym";
				ENABLE_NS_ASSERTIONS = NO;
				ENABLE_STRICT_OBJC_MSGSEND = YES;
				GCC_C_LANGUAGE_STANDARD = gnu11;
				GCC_NO_COMMON_BLOCKS = YES;
				GCC_WARN_64_TO_32_BIT_CONVERSION = YES;
				GCC_WARN_ABOUT_RETURN_TYPE = YES_ERROR;
				GCC_WARN_UNDECLARED_SELECTOR = YES;
				GCC_WARN_UNINITIALIZED_AUTOS = YES_AGGRESSIVE;
				GCC_WARN_UNUSED_FUNCTION = YES;
				GCC_WARN_UNUSED_VARIABLE = YES;
				IPHONEOS_DEPLOYMENT_TARGET = 14.4;
				MTL_ENABLE_DEBUG_INFO = NO;
				MTL_FAST_MATH = YES;
				SDKROOT = iphoneos;
				SWIFT_COMPILATION_MODE = wholemodule;
				SWIFT_OPTIMIZATION_LEVEL = "-O";
				VALIDATE_PRODUCT = YES;
			};
			name = Release;
		};
		755BBB4725D1C9A1007D1641 /* Debug */ = {
			isa = XCBuildConfiguration;
			buildSettings = {
				ASSETCATALOG_COMPILER_APPICON_NAME = AppIcon;
				ASSETCATALOG_COMPILER_GLOBAL_ACCENT_COLOR_NAME = AccentColor;
				CODE_SIGN_STYLE = Automatic;
				DEVELOPMENT_TEAM = 9AJN84H4RU;
				INFOPLIST_FILE = ButtonsAndStacks/Info.plist;
				LD_RUNPATH_SEARCH_PATHS = (
					"$(inherited)",
					"@executable_path/Frameworks",
				);
				PRODUCT_BUNDLE_IDENTIFIER = com.obe.ButtonsAndStacks;
				PRODUCT_NAME = "$(TARGET_NAME)";
				SWIFT_VERSION = 5.0;
				TARGETED_DEVICE_FAMILY = "1,2";
			};
			name = Debug;
		};
		755BBB4825D1C9A1007D1641 /* Release */ = {
			isa = XCBuildConfiguration;
			buildSettings = {
				ASSETCATALOG_COMPILER_APPICON_NAME = AppIcon;
				ASSETCATALOG_COMPILER_GLOBAL_ACCENT_COLOR_NAME = AccentColor;
				CODE_SIGN_STYLE = Automatic;
				DEVELOPMENT_TEAM = 9AJN84H4RU;
				INFOPLIST_FILE = ButtonsAndStacks/Info.plist;
				LD_RUNPATH_SEARCH_PATHS = (
					"$(inherited)",
					"@executable_path/Frameworks",
				);
				PRODUCT_BUNDLE_IDENTIFIER = com.obe.ButtonsAndStacks;
				PRODUCT_NAME = "$(TARGET_NAME)";
				SWIFT_VERSION = 5.0;
				TARGETED_DEVICE_FAMILY = "1,2";
			};
			name = Release;
		};
/* End XCBuildConfiguration section */

/* Begin XCConfigurationList section */
		755BBB2D25D1C99C007D1641 /* Build configuration list for PBXProject "ButtonsAndStacks" */ = {
			isa = XCConfigurationList;
			buildConfigurations = (
				755BBB4425D1C9A0007D1641 /* Debug */,
				755BBB4525D1C9A1007D1641 /* Release */,
			);
			defaultConfigurationIsVisible = 0;
			defaultConfigurationName = Release;
		};
		755BBB4625D1C9A1007D1641 /* Build configuration list for PBXNativeTarget "ButtonsAndStacks" */ = {
			isa = XCConfigurationList;
			buildConfigurations = (
				755BBB4725D1C9A1007D1641 /* Debug */,
				755BBB4825D1C9A1007D1641 /* Release */,
			);
			defaultConfigurationIsVisible = 0;
			defaultConfigurationName = Release;
		};
/* End XCConfigurationList section */
	};
	rootObject = 755BBB2A25D1C99C007D1641 /* Project object */;
}
